
Microsoft Visual Studio Solution File, Format Version 11.00
# Visual Studio 2010
Project("{FAE04EC0-301F-11D3-BF4B-00C04F79EFBC}") = "Assembly-CSharp", "Assembly-CSharp.csproj", "{ae6932b1-19d2-31c8-1b01-6a95055209d6}"
EndProject
Project("{FAE04EC0-301F-11D3-BF4B-00C04F79EFBC}") = "Assembly-CSharp-Editor", "Assembly-CSharp-Editor.csproj", "{f691ffeb-3cf3-8a63-ce1c-e9db7950955b}"
EndProject
Global
	GlobalSection(SolutionConfigurationPlatforms) = preSolution
		Debug|Any CPU = Debug|Any CPU
		Release|Any CPU = Release|Any CPU
	EndGlobalSection
	GlobalSection(ProjectConfigurationPlatforms) = postSolution
		{ae6932b1-19d2-31c8-1b01-6a95055209d6}.Debug|Any CPU.ActiveCfg = Debug|Any CPU
		{ae6932b1-19d2-31c8-1b01-6a95055209d6}.Debug|Any CPU.Build.0 = Debug|Any CPU
		{ae6932b1-19d2-31c8-1b01-6a95055209d6}.Release|Any CPU.ActiveCfg = Release|Any CPU
		{ae6932b1-19d2-31c8-1b01-6a95055209d6}.Release|Any CPU.Build.0 = Release|Any CPU
		{f691ffeb-3cf3-8a63-ce1c-e9db7950955b}.Debug|Any CPU.ActiveCfg = Debug|Any CPU
		{f691ffeb-3cf3-8a63-ce1c-e9db7950955b}.Debug|Any CPU.Build.0 = Debug|Any CPU
		{f691ffeb-3cf3-8a63-ce1c-e9db7950955b}.Release|Any CPU.ActiveCfg = Release|Any CPU
		{f691ffeb-3cf3-8a63-ce1c-e9db7950955b}.Release|Any CPU.Build.0 = Release|Any CPU
	EndGlobalSection
	GlobalSection(SolutionProperties) = preSolution
		HideSolutionNode = FALSE
	EndGlobalSection
EndGlobal
